// !$*UTF8*$!
{
	archiveVersion = 1;
	classes = {
	};
	objectVersion = 46;
	objects = {

/* Begin PBXBuildFile section */
		4AAACD851861E363007B9576 /* template.html in Resources */ = {isa = PBXBuildFile; fileRef = 4AAACD841861E363007B9576 /* template.html */; };
		4AD14A03184F7AE400DA88A0 /* Foundation.framework in Frameworks */ = {isa = PBXBuildFile; fileRef = 4AD14A02184F7AE400DA88A0 /* Foundation.framework */; };
		4AD14A05184F7AE400DA88A0 /* CoreGraphics.framework in Frameworks */ = {isa = PBXBuildFile; fileRef = 4AD14A04184F7AE400DA88A0 /* CoreGraphics.framework */; };
		4AD14A07184F7AE400DA88A0 /* UIKit.framework in Frameworks */ = {isa = PBXBuildFile; fileRef = 4AD14A06184F7AE400DA88A0 /* UIKit.framework */; };
		4AD14A0D184F7AE400DA88A0 /* InfoPlist.strings in Resources */ = {isa = PBXBuildFile; fileRef = 4AD14A0B184F7AE400DA88A0 /* InfoPlist.strings */; };
		4AD14A0F184F7AE400DA88A0 /* main.m in Sources */ = {isa = PBXBuildFile; fileRef = 4AD14A0E184F7AE400DA88A0 /* main.m */; };
		4AD14A13184F7AE400DA88A0 /* DLPRAppDelegate.m in Sources */ = {isa = PBXBuildFile; fileRef = 4AD14A12184F7AE400DA88A0 /* DLPRAppDelegate.m */; };
		4AD14A16184F7AE400DA88A0 /* Main_iPhone.storyboard in Resources */ = {isa = PBXBuildFile; fileRef = 4AD14A14184F7AE400DA88A0 /* Main_iPhone.storyboard */; };
		4AD14A19184F7AE400DA88A0 /* Main_iPad.storyboard in Resources */ = {isa = PBXBuildFile; fileRef = 4AD14A17184F7AE400DA88A0 /* Main_iPad.storyboard */; };
		4AD14A1C184F7AE400DA88A0 /* DLPRViewController.m in Sources */ = {isa = PBXBuildFile; fileRef = 4AD14A1B184F7AE400DA88A0 /* DLPRViewController.m */; };
		4AD14A1E184F7AE400DA88A0 /* Images.xcassets in Resources */ = {isa = PBXBuildFile; fileRef = 4AD14A1D184F7AE400DA88A0 /* Images.xcassets */; };
		4AD14A25184F7AE400DA88A0 /* XCTest.framework in Frameworks */ = {isa = PBXBuildFile; fileRef = 4AD14A24184F7AE400DA88A0 /* XCTest.framework */; };
		4AD14A26184F7AE400DA88A0 /* Foundation.framework in Frameworks */ = {isa = PBXBuildFile; fileRef = 4AD14A02184F7AE400DA88A0 /* Foundation.framework */; };
		4AD14A27184F7AE400DA88A0 /* UIKit.framework in Frameworks */ = {isa = PBXBuildFile; fileRef = 4AD14A06184F7AE400DA88A0 /* UIKit.framework */; };
		4AD14A2F184F7AE400DA88A0 /* InfoPlist.strings in Resources */ = {isa = PBXBuildFile; fileRef = 4AD14A2D184F7AE400DA88A0 /* InfoPlist.strings */; };
		4AD14A31184F7AE400DA88A0 /* DLPDFRendererTests.m in Sources */ = {isa = PBXBuildFile; fileRef = 4AD14A30184F7AE400DA88A0 /* DLPDFRendererTests.m */; };
		4AD14A3D184F7B1500DA88A0 /* DLPRRenderer.m in Sources */ = {isa = PBXBuildFile; fileRef = 4AD14A3C184F7B1500DA88A0 /* DLPRRenderer.m */; };
		4AD14A43184F95CE00DA88A0 /* DLPRDocumentInfo.m in Sources */ = {isa = PBXBuildFile; fileRef = 4AD14A42184F95CE00DA88A0 /* DLPRDocumentInfo.m */; };
		4AF28CE21858824A00116948 /* DLPRPage.m in Sources */ = {isa = PBXBuildFile; fileRef = 4AF28CE11858824A00116948 /* DLPRPage.m */; };
		4AF28CE51858A40100116948 /* DLPRURLProtocol.m in Sources */ = {isa = PBXBuildFile; fileRef = 4AF28CE41858A40100116948 /* DLPRURLProtocol.m */; };
/* End PBXBuildFile section */

/* Begin PBXContainerItemProxy section */
		4AD14A28184F7AE400DA88A0 /* PBXContainerItemProxy */ = {
			isa = PBXContainerItemProxy;
			containerPortal = 4AD149F7184F7AE300DA88A0 /* Project object */;
			proxyType = 1;
			remoteGlobalIDString = 4AD149FE184F7AE400DA88A0;
			remoteInfo = DLPDFRenderer;
		};
/* End PBXContainerItemProxy section */

/* Begin PBXFileReference section */
		4AAACD841861E363007B9576 /* template.html */ = {isa = PBXFileReference; fileEncoding = 4; lastKnownFileType = text.html; path = template.html; sourceTree = "<group>"; };
		4AD149FF184F7AE400DA88A0 /* DLPDFRenderer.app */ = {isa = PBXFileReference; explicitFileType = wrapper.application; includeInIndex = 0; path = DLPDFRenderer.app; sourceTree = BUILT_PRODUCTS_DIR; };
		4AD14A02184F7AE400DA88A0 /* Foundation.framework */ = {isa = PBXFileReference; lastKnownFileType = wrapper.framework; name = Foundation.framework; path = System/Library/Frameworks/Foundation.framework; sourceTree = SDKROOT; };
		4AD14A04184F7AE400DA88A0 /* CoreGraphics.framework */ = {isa = PBXFileReference; lastKnownFileType = wrapper.framework; name = CoreGraphics.framework; path = System/Library/Frameworks/CoreGraphics.framework; sourceTree = SDKROOT; };
		4AD14A06184F7AE400DA88A0 /* UIKit.framework */ = {isa = PBXFileReference; lastKnownFileType = wrapper.framework; name = UIKit.framework; path = System/Library/Frameworks/UIKit.framework; sourceTree = SDKROOT; };
		4AD14A0A184F7AE400DA88A0 /* DLPDFRenderer-Info.plist */ = {isa = PBXFileReference; lastKnownFileType = text.plist.xml; path = "DLPDFRenderer-Info.plist"; sourceTree = "<group>"; };
		4AD14A0C184F7AE400DA88A0 /* en */ = {isa = PBXFileReference; lastKnownFileType = text.plist.strings; name = en; path = en.lproj/InfoPlist.strings; sourceTree = "<group>"; };
		4AD14A0E184F7AE400DA88A0 /* main.m */ = {isa = PBXFileReference; lastKnownFileType = sourcecode.c.objc; path = main.m; sourceTree = "<group>"; };
		4AD14A10184F7AE400DA88A0 /* DLPDFRenderer-Prefix.pch */ = {isa = PBXFileReference; lastKnownFileType = sourcecode.c.h; path = "DLPDFRenderer-Prefix.pch"; sourceTree = "<group>"; };
		4AD14A11184F7AE400DA88A0 /* DLPRAppDelegate.h */ = {isa = PBXFileReference; lastKnownFileType = sourcecode.c.h; path = DLPRAppDelegate.h; sourceTree = "<group>"; };
		4AD14A12184F7AE400DA88A0 /* DLPRAppDelegate.m */ = {isa = PBXFileReference; lastKnownFileType = sourcecode.c.objc; path = DLPRAppDelegate.m; sourceTree = "<group>"; };
		4AD14A15184F7AE400DA88A0 /* Base */ = {isa = PBXFileReference; lastKnownFileType = file.storyboard; name = Base; path = Base.lproj/Main_iPhone.storyboard; sourceTree = "<group>"; };
		4AD14A18184F7AE400DA88A0 /* Base */ = {isa = PBXFileReference; lastKnownFileType = file.storyboard; name = Base; path = Base.lproj/Main_iPad.storyboard; sourceTree = "<group>"; };
		4AD14A1A184F7AE400DA88A0 /* DLPRViewController.h */ = {isa = PBXFileReference; lastKnownFileType = sourcecode.c.h; path = DLPRViewController.h; sourceTree = "<group>"; };
		4AD14A1B184F7AE400DA88A0 /* DLPRViewController.m */ = {isa = PBXFileReference; lastKnownFileType = sourcecode.c.objc; path = DLPRViewController.m; sourceTree = "<group>"; };
		4AD14A1D184F7AE400DA88A0 /* Images.xcassets */ = {isa = PBXFileReference; lastKnownFileType = folder.assetcatalog; path = Images.xcassets; sourceTree = "<group>"; };
		4AD14A23184F7AE400DA88A0 /* DLPDFRendererTests.xctest */ = {isa = PBXFileReference; explicitFileType = wrapper.cfbundle; includeInIndex = 0; path = DLPDFRendererTests.xctest; sourceTree = BUILT_PRODUCTS_DIR; };
		4AD14A24184F7AE400DA88A0 /* XCTest.framework */ = {isa = PBXFileReference; lastKnownFileType = wrapper.framework; name = XCTest.framework; path = Library/Frameworks/XCTest.framework; sourceTree = DEVELOPER_DIR; };
		4AD14A2C184F7AE400DA88A0 /* DLPDFRendererTests-Info.plist */ = {isa = PBXFileReference; lastKnownFileType = text.plist.xml; path = "DLPDFRendererTests-Info.plist"; sourceTree = "<group>"; };
		4AD14A2E184F7AE400DA88A0 /* en */ = {isa = PBXFileReference; lastKnownFileType = text.plist.strings; name = en; path = en.lproj/InfoPlist.strings; sourceTree = "<group>"; };
		4AD14A30184F7AE400DA88A0 /* DLPDFRendererTests.m */ = {isa = PBXFileReference; lastKnownFileType = sourcecode.c.objc; path = DLPDFRendererTests.m; sourceTree = "<group>"; };
		4AD14A3B184F7B1500DA88A0 /* DLPRRenderer.h */ = {isa = PBXFileReference; fileEncoding = 4; lastKnownFileType = sourcecode.c.h; path = DLPRRenderer.h; sourceTree = "<group>"; };
		4AD14A3C184F7B1500DA88A0 /* DLPRRenderer.m */ = {isa = PBXFileReference; fileEncoding = 4; lastKnownFileType = sourcecode.c.objc; path = DLPRRenderer.m; sourceTree = "<group>"; };
		4AD14A41184F95CE00DA88A0 /* DLPRDocumentInfo.h */ = {isa = PBXFileReference; fileEncoding = 4; lastKnownFileType = sourcecode.c.h; path = DLPRDocumentInfo.h; sourceTree = "<group>"; };
		4AD14A42184F95CE00DA88A0 /* DLPRDocumentInfo.m */ = {isa = PBXFileReference; fileEncoding = 4; lastKnownFileType = sourcecode.c.objc; path = DLPRDocumentInfo.m; sourceTree = "<group>"; };
		4AF28CE01858824A00116948 /* DLPRPage.h */ = {isa = PBXFileReference; fileEncoding = 4; lastKnownFileType = sourcecode.c.h; path = DLPRPage.h; sourceTree = "<group>"; };
		4AF28CE11858824A00116948 /* DLPRPage.m */ = {isa = PBXFileReference; fileEncoding = 4; lastKnownFileType = sourcecode.c.objc; path = DLPRPage.m; sourceTree = "<group>"; };
		4AF28CE31858A40100116948 /* DLPRURLProtocol.h */ = {isa = PBXFileReference; fileEncoding = 4; lastKnownFileType = sourcecode.c.h; path = DLPRURLProtocol.h; sourceTree = "<group>"; };
		4AF28CE41858A40100116948 /* DLPRURLProtocol.m */ = {isa = PBXFileReference; fileEncoding = 4; lastKnownFileType = sourcecode.c.objc; path = DLPRURLProtocol.m; sourceTree = "<group>"; };
/* End PBXFileReference section */

/* Begin PBXFrameworksBuildPhase section */
		4AD149FC184F7AE400DA88A0 /* Frameworks */ = {
			isa = PBXFrameworksBuildPhase;
			buildActionMask = 2147483647;
			files = (
				4AD14A05184F7AE400DA88A0 /* CoreGraphics.framework in Frameworks */,
				4AD14A07184F7AE400DA88A0 /* UIKit.framework in Frameworks */,
				4AD14A03184F7AE400DA88A0 /* Foundation.framework in Frameworks */,
			);
			runOnlyForDeploymentPostprocessing = 0;
		};
		4AD14A20184F7AE400DA88A0 /* Frameworks */ = {
			isa = PBXFrameworksBuildPhase;
			buildActionMask = 2147483647;
			files = (
				4AD14A25184F7AE400DA88A0 /* XCTest.framework in Frameworks */,
				4AD14A27184F7AE400DA88A0 /* UIKit.framework in Frameworks */,
				4AD14A26184F7AE400DA88A0 /* Foundation.framework in Frameworks */,
			);
			runOnlyForDeploymentPostprocessing = 0;
		};
/* End PBXFrameworksBuildPhase section */

/* Begin PBXGroup section */
		4AD149F6184F7AE300DA88A0 = {
			isa = PBXGroup;
			children = (
				4AD14A08184F7AE400DA88A0 /* DLPDFRenderer */,
				4AD14A2A184F7AE400DA88A0 /* DLPDFRendererTests */,
				4AD14A01184F7AE400DA88A0 /* Frameworks */,
				4AD14A00184F7AE400DA88A0 /* Products */,
			);
			sourceTree = "<group>";
		};
		4AD14A00184F7AE400DA88A0 /* Products */ = {
			isa = PBXGroup;
			children = (
				4AD149FF184F7AE400DA88A0 /* DLPDFRenderer.app */,
				4AD14A23184F7AE400DA88A0 /* DLPDFRendererTests.xctest */,
			);
			name = Products;
			sourceTree = "<group>";
		};
		4AD14A01184F7AE400DA88A0 /* Frameworks */ = {
			isa = PBXGroup;
			children = (
				4AD14A02184F7AE400DA88A0 /* Foundation.framework */,
				4AD14A04184F7AE400DA88A0 /* CoreGraphics.framework */,
				4AD14A06184F7AE400DA88A0 /* UIKit.framework */,
				4AD14A24184F7AE400DA88A0 /* XCTest.framework */,
			);
			name = Frameworks;
			sourceTree = "<group>";
		};
		4AD14A08184F7AE400DA88A0 /* DLPDFRenderer */ = {
			isa = PBXGroup;
			children = (
				4AD14A3A184F7B0500DA88A0 /* Classes */,
				4AD14A11184F7AE400DA88A0 /* DLPRAppDelegate.h */,
				4AD14A12184F7AE400DA88A0 /* DLPRAppDelegate.m */,
				4AD14A14184F7AE400DA88A0 /* Main_iPhone.storyboard */,
				4AD14A17184F7AE400DA88A0 /* Main_iPad.storyboard */,
				4AD14A1A184F7AE400DA88A0 /* DLPRViewController.h */,
				4AD14A1B184F7AE400DA88A0 /* DLPRViewController.m */,
				4AF28CE31858A40100116948 /* DLPRURLProtocol.h */,
				4AF28CE41858A40100116948 /* DLPRURLProtocol.m */,
				4AD14A1D184F7AE400DA88A0 /* Images.xcassets */,
				4AD14A09184F7AE400DA88A0 /* Supporting Files */,
			);
			path = DLPDFRenderer;
			sourceTree = "<group>";
		};
		4AD14A09184F7AE400DA88A0 /* Supporting Files */ = {
			isa = PBXGroup;
			children = (
				4AD14A0A184F7AE400DA88A0 /* DLPDFRenderer-Info.plist */,
				4AAACD841861E363007B9576 /* template.html */,
				4AD14A0B184F7AE400DA88A0 /* InfoPlist.strings */,
				4AD14A0E184F7AE400DA88A0 /* main.m */,
				4AD14A10184F7AE400DA88A0 /* DLPDFRenderer-Prefix.pch */,
			);
			name = "Supporting Files";
			sourceTree = "<group>";
		};
		4AD14A2A184F7AE400DA88A0 /* DLPDFRendererTests */ = {
			isa = PBXGroup;
			children = (
				4AD14A30184F7AE400DA88A0 /* DLPDFRendererTests.m */,
				4AD14A2B184F7AE400DA88A0 /* Supporting Files */,
			);
			path = DLPDFRendererTests;
			sourceTree = "<group>";
		};
		4AD14A2B184F7AE400DA88A0 /* Supporting Files */ = {
			isa = PBXGroup;
			children = (
				4AD14A2C184F7AE400DA88A0 /* DLPDFRendererTests-Info.plist */,
				4AD14A2D184F7AE400DA88A0 /* InfoPlist.strings */,
			);
			name = "Supporting Files";
			sourceTree = "<group>";
		};
		4AD14A3A184F7B0500DA88A0 /* Classes */ = {
			isa = PBXGroup;
			children = (
				4AF28CE01858824A00116948 /* DLPRPage.h */,
				4AF28CE11858824A00116948 /* DLPRPage.m */,
				4AD14A41184F95CE00DA88A0 /* DLPRDocumentInfo.h */,
				4AD14A42184F95CE00DA88A0 /* DLPRDocumentInfo.m */,
				4AD14A3B184F7B1500DA88A0 /* DLPRRenderer.h */,
				4AD14A3C184F7B1500DA88A0 /* DLPRRenderer.m */,
			);
			path = Classes;
			sourceTree = "<group>";
		};
/* End PBXGroup section */

/* Begin PBXNativeTarget section */
		4AD149FE184F7AE400DA88A0 /* DLPDFRenderer */ = {
			isa = PBXNativeTarget;
			buildConfigurationList = 4AD14A34184F7AE400DA88A0 /* Build configuration list for PBXNativeTarget "DLPDFRenderer" */;
			buildPhases = (
				4AD149FB184F7AE400DA88A0 /* Sources */,
				4AD149FC184F7AE400DA88A0 /* Frameworks */,
				4AD149FD184F7AE400DA88A0 /* Resources */,
			);
			buildRules = (
			);
			dependencies = (
			);
			name = DLPDFRenderer;
			productName = DLPDFRenderer;
			productReference = 4AD149FF184F7AE400DA88A0 /* DLPDFRenderer.app */;
			productType = "com.apple.product-type.application";
		};
		4AD14A22184F7AE400DA88A0 /* DLPDFRendererTests */ = {
			isa = PBXNativeTarget;
			buildConfigurationList = 4AD14A37184F7AE400DA88A0 /* Build configuration list for PBXNativeTarget "DLPDFRendererTests" */;
			buildPhases = (
				4AD14A1F184F7AE400DA88A0 /* Sources */,
				4AD14A20184F7AE400DA88A0 /* Frameworks */,
				4AD14A21184F7AE400DA88A0 /* Resources */,
			);
			buildRules = (
			);
			dependencies = (
				4AD14A29184F7AE400DA88A0 /* PBXTargetDependency */,
			);
			name = DLPDFRendererTests;
			productName = DLPDFRendererTests;
			productReference = 4AD14A23184F7AE400DA88A0 /* DLPDFRendererTests.xctest */;
			productType = "com.apple.product-type.bundle.unit-test";
		};
/* End PBXNativeTarget section */

/* Begin PBXProject section */
		4AD149F7184F7AE300DA88A0 /* Project object */ = {
			isa = PBXProject;
			attributes = {
				CLASSPREFIX = DLPR;
				LastUpgradeCheck = 0510;
				ORGANIZATIONNAME = "Definite Loop";
				TargetAttributes = {
					4AD14A22184F7AE400DA88A0 = {
						TestTargetID = 4AD149FE184F7AE400DA88A0;
					};
				};
			};
			buildConfigurationList = 4AD149FA184F7AE300DA88A0 /* Build configuration list for PBXProject "DLPDFRenderer" */;
			compatibilityVersion = "Xcode 3.2";
			developmentRegion = English;
			hasScannedForEncodings = 0;
			knownRegions = (
				en,
				Base,
			);
			mainGroup = 4AD149F6184F7AE300DA88A0;
			productRefGroup = 4AD14A00184F7AE400DA88A0 /* Products */;
			projectDirPath = "";
			projectRoot = "";
			targets = (
				4AD149FE184F7AE400DA88A0 /* DLPDFRenderer */,
				4AD14A22184F7AE400DA88A0 /* DLPDFRendererTests */,
			);
		};
/* End PBXProject section */

/* Begin PBXResourcesBuildPhase section */
		4AD149FD184F7AE400DA88A0 /* Resources */ = {
			isa = PBXResourcesBuildPhase;
			buildActionMask = 2147483647;
			files = (
				4AD14A19184F7AE400DA88A0 /* Main_iPad.storyboard in Resources */,
				4AD14A1E184F7AE400DA88A0 /* Images.xcassets in Resources */,
				4AAACD851861E363007B9576 /* template.html in Resources */,
				4AD14A16184F7AE400DA88A0 /* Main_iPhone.storyboard in Resources */,
				4AD14A0D184F7AE400DA88A0 /* InfoPlist.strings in Resources */,
			);
			runOnlyForDeploymentPostprocessing = 0;
		};
		4AD14A21184F7AE400DA88A0 /* Resources */ = {
			isa = PBXResourcesBuildPhase;
			buildActionMask = 2147483647;
			files = (
				4AD14A2F184F7AE400DA88A0 /* InfoPlist.strings in Resources */,
			);
			runOnlyForDeploymentPostprocessing = 0;
		};
/* End PBXResourcesBuildPhase section */

/* Begin PBXSourcesBuildPhase section */
		4AD149FB184F7AE400DA88A0 /* Sources */ = {
			isa = PBXSourcesBuildPhase;
			buildActionMask = 2147483647;
			files = (
				4AD14A43184F95CE00DA88A0 /* DLPRDocumentInfo.m in Sources */,
				4AD14A13184F7AE400DA88A0 /* DLPRAppDelegate.m in Sources */,
				4AF28CE51858A40100116948 /* DLPRURLProtocol.m in Sources */,
				4AD14A1C184F7AE400DA88A0 /* DLPRViewController.m in Sources */,
				4AD14A3D184F7B1500DA88A0 /* DLPRRenderer.m in Sources */,
				4AD14A0F184F7AE400DA88A0 /* main.m in Sources */,
				4AF28CE21858824A00116948 /* DLPRPage.m in Sources */,
			);
			runOnlyForDeploymentPostprocessing = 0;
		};
		4AD14A1F184F7AE400DA88A0 /* Sources */ = {
			isa = PBXSourcesBuildPhase;
			buildActionMask = 2147483647;
			files = (
				4AD14A31184F7AE400DA88A0 /* DLPDFRendererTests.m in Sources */,
			);
			runOnlyForDeploymentPostprocessing = 0;
		};
/* End PBXSourcesBuildPhase section */

/* Begin PBXTargetDependency section */
		4AD14A29184F7AE400DA88A0 /* PBXTargetDependency */ = {
			isa = PBXTargetDependency;
			target = 4AD149FE184F7AE400DA88A0 /* DLPDFRenderer */;
			targetProxy = 4AD14A28184F7AE400DA88A0 /* PBXContainerItemProxy */;
		};
/* End PBXTargetDependency section */

/* Begin PBXVariantGroup section */
		4AD14A0B184F7AE400DA88A0 /* InfoPlist.strings */ = {
			isa = PBXVariantGroup;
			children = (
				4AD14A0C184F7AE400DA88A0 /* en */,
			);
			name = InfoPlist.strings;
			sourceTree = "<group>";
		};
		4AD14A14184F7AE400DA88A0 /* Main_iPhone.storyboard */ = {
			isa = PBXVariantGroup;
			children = (
				4AD14A15184F7AE400DA88A0 /* Base */,
			);
			name = Main_iPhone.storyboard;
			sourceTree = "<group>";
		};
		4AD14A17184F7AE400DA88A0 /* Main_iPad.storyboard */ = {
			isa = PBXVariantGroup;
			children = (
				4AD14A18184F7AE400DA88A0 /* Base */,
			);
			name = Main_iPad.storyboard;
			sourceTree = "<group>";
		};
		4AD14A2D184F7AE400DA88A0 /* InfoPlist.strings */ = {
			isa = PBXVariantGroup;
			children = (
				4AD14A2E184F7AE400DA88A0 /* en */,
			);
			name = InfoPlist.strings;
			sourceTree = "<group>";
		};
/* End PBXVariantGroup section */

/* Begin XCBuildConfiguration section */
		4AD14A32184F7AE400DA88A0 /* Debug */ = {
			isa = XCBuildConfiguration;
			buildSettings = {
				ALWAYS_SEARCH_USER_PATHS = NO;
				ARCHS = "$(ARCHS_STANDARD_INCLUDING_64_BIT)";
				CLANG_CXX_LANGUAGE_STANDARD = "gnu++0x";
				CLANG_CXX_LIBRARY = "libc++";
				CLANG_ENABLE_MODULES = YES;
				CLANG_ENABLE_OBJC_ARC = YES;
				CLANG_WARN_BOOL_CONVERSION = YES;
				CLANG_WARN_CONSTANT_CONVERSION = YES;
				CLANG_WARN_DIRECT_OBJC_ISA_USAGE = YES_ERROR;
				CLANG_WARN_EMPTY_BODY = YES;
				CLANG_WARN_ENUM_CONVERSION = YES;
				CLANG_WARN_INT_CONVERSION = YES;
				CLANG_WARN_OBJC_ROOT_CLASS = YES_ERROR;
				CLANG_WARN__DUPLICATE_METHOD_MATCH = YES;
				"CODE_SIGN_IDENTITY[sdk=iphoneos*]" = "iPhone Developer";
				COPY_PHASE_STRIP = NO;
				GCC_C_LANGUAGE_STANDARD = gnu99;
				GCC_DYNAMIC_NO_PIC = NO;
				GCC_OPTIMIZATION_LEVEL = 0;
				GCC_PREPROCESSOR_DEFINITIONS = (
					"DEBUG=1",
					"$(inherited)",
				);
				GCC_SYMBOLS_PRIVATE_EXTERN = NO;
				GCC_WARN_64_TO_32_BIT_CONVERSION = YES;
				GCC_WARN_ABOUT_RETURN_TYPE = YES_ERROR;
				GCC_WARN_UNDECLARED_SELECTOR = YES;
				GCC_WARN_UNINITIALIZED_AUTOS = YES_AGGRESSIVE;
				GCC_WARN_UNUSED_FUNCTION = YES;
				GCC_WARN_UNUSED_VARIABLE = YES;
				IPHONEOS_DEPLOYMENT_TARGET = 7.1;
				ONLY_ACTIVE_ARCH = YES;
				SDKROOT = iphoneos;
				TARGETED_DEVICE_FAMILY = "1,2";
			};
			name = Debug;
		};
		4AD14A33184F7AE400DA88A0 /* Release */ = {
			isa = XCBuildConfiguration;
			buildSettings = {
				ALWAYS_SEARCH_USER_PATHS = NO;
				ARCHS = "$(ARCHS_STANDARD_INCLUDING_64_BIT)";
				CLANG_CXX_LANGUAGE_STANDARD = "gnu++0x";
				CLANG_CXX_LIBRARY = "libc++";
				CLANG_ENABLE_MODULES = YES;
				CLANG_ENABLE_OBJC_ARC = YES;
				CLANG_WARN_BOOL_CONVERSION = YES;
				CLANG_WARN_CONSTANT_CONVERSION = YES;
				CLANG_WARN_DIRECT_OBJC_ISA_USAGE = YES_ERROR;
				CLANG_WARN_EMPTY_BODY = YES;
				CLANG_WARN_ENUM_CONVERSION = YES;
				CLANG_WARN_INT_CONVERSION = YES;
				CLANG_WARN_OBJC_ROOT_CLASS = YES_ERROR;
				CLANG_WARN__DUPLICATE_METHOD_MATCH = YES;
				"CODE_SIGN_IDENTITY[sdk=iphoneos*]" = "iPhone Developer";
				COPY_PHASE_STRIP = YES;
				ENABLE_NS_ASSERTIONS = NO;
				GCC_C_LANGUAGE_STANDARD = gnu99;
				GCC_WARN_64_TO_32_BIT_CONVERSION = YES;
				GCC_WARN_ABOUT_RETURN_TYPE = YES_ERROR;
				GCC_WARN_UNDECLARED_SELECTOR = YES;
				GCC_WARN_UNINITIALIZED_AUTOS = YES_AGGRESSIVE;
				GCC_WARN_UNUSED_FUNCTION = YES;
				GCC_WARN_UNUSED_VARIABLE = YES;
				IPHONEOS_DEPLOYMENT_TARGET = 7.1;
				SDKROOT = iphoneos;
				TARGETED_DEVICE_FAMILY = "1,2";
				VALIDATE_PRODUCT = YES;
			};
			name = Release;
		};
		4AD14A35184F7AE400DA88A0 /* Debug */ = {
			isa = XCBuildConfiguration;
			buildSettings = {
				ASSETCATALOG_COMPILER_APPICON_NAME = AppIcon;
				ASSETCATALOG_COMPILER_LAUNCHIMAGE_NAME = LaunchImage;
				GCC_PRECOMPILE_PREFIX_HEADER = YES;
				GCC_PREFIX_HEADER = "DLPDFRenderer/DLPDFRenderer-Prefix.pch";
				INFOPLIST_FILE = "DLPDFRenderer/DLPDFRenderer-Info.plist";
				IPHONEOS_DEPLOYMENT_TARGET = 6.0;
				PRODUCT_NAME = "$(TARGET_NAME)";
				WRAPPER_EXTENSION = app;
			};
			name = Debug;
		};
		4AD14A36184F7AE400DA88A0 /* Release */ = {
			isa = XCBuildConfiguration;
			buildSettings = {
				ASSETCATALOG_COMPILER_APPICON_NAME = AppIcon;
				ASSETCATALOG_COMPILER_LAUNCHIMAGE_NAME = LaunchImage;
				GCC_PRECOMPILE_PREFIX_HEADER = YES;
				GCC_PREFIX_HEADER = "DLPDFRenderer/DLPDFRenderer-Prefix.pch";
				INFOPLIST_FILE = "DLPDFRenderer/DLPDFRenderer-Info.plist";
				IPHONEOS_DEPLOYMENT_TARGET = 6.0;
				PRODUCT_NAME = "$(TARGET_NAME)";
				WRAPPER_EXTENSION = app;
			};
			name = Release;
		};
		4AD14A38184F7AE400DA88A0 /* Debug */ = {
			isa = XCBuildConfiguration;
			buildSettings = {
				ARCHS = "$(ARCHS_STANDARD_INCLUDING_64_BIT)";
				BUNDLE_LOADER = "$(BUILT_PRODUCTS_DIR)/DLPDFRenderer.app/DLPDFRenderer";
				FRAMEWORK_SEARCH_PATHS = (
					"$(SDKROOT)/Developer/Library/Frameworks",
					"$(inherited)",
					"$(DEVELOPER_FRAMEWORKS_DIR)",
				);
				GCC_PRECOMPILE_PREFIX_HEADER = YES;
				GCC_PREFIX_HEADER = "DLPDFRenderer/DLPDFRenderer-Prefix.pch";
				GCC_PREPROCESSOR_DEFINITIONS = (
					"DEBUG=1",
					"$(inherited)",
				);
				INFOPLIST_FILE = "DLPDFRendererTests/DLPDFRendererTests-Info.plist";
				PRODUCT_NAME = "$(TARGET_NAME)";
				TEST_HOST = "$(BUNDLE_LOADER)";
				WRAPPER_EXTENSION = xctest;
			};
			name = Debug;
		};
		4AD14A39184F7AE400DA88A0 /* Release */ = {
			isa = XCBuildConfiguration;
			buildSettings = {
				ARCHS = "$(ARCHS_STANDARD_INCLUDING_64_BIT)";
				BUNDLE_LOADER = "$(BUILT_PRODUCTS_DIR)/DLPDFRenderer.app/DLPDFRenderer";
				FRAMEWORK_SEARCH_PATHS = (
					"$(SDKROOT)/Developer/Library/Frameworks",
					"$(inherited)",
					"$(DEVELOPER_FRAMEWORKS_DIR)",
				);
				GCC_PRECOMPILE_PREFIX_HEADER = YES;
				GCC_PREFIX_HEADER = "DLPDFRenderer/DLPDFRenderer-Prefix.pch";
				INFOPLIST_FILE = "DLPDFRendererTests/DLPDFRendererTests-Info.plist";
				PRODUCT_NAME = "$(TARGET_NAME)";
				TEST_HOST = "$(BUNDLE_LOADER)";
				WRAPPER_EXTENSION = xctest;
			};
			name = Release;
		};
/* End XCBuildConfiguration section */

/* Begin XCConfigurationList section */
		4AD149FA184F7AE300DA88A0 /* Build configuration list for PBXProject "DLPDFRenderer" */ = {
			isa = XCConfigurationList;
			buildConfigurations = (
				4AD14A32184F7AE400DA88A0 /* Debug */,
				4AD14A33184F7AE400DA88A0 /* Release */,
			);
			defaultConfigurationIsVisible = 0;
			defaultConfigurationName = Release;
		};
		4AD14A34184F7AE400DA88A0 /* Build configuration list for PBXNativeTarget "DLPDFRenderer" */ = {
			isa = XCConfigurationList;
			buildConfigurations = (
				4AD14A35184F7AE400DA88A0 /* Debug */,
				4AD14A36184F7AE400DA88A0 /* Release */,
			);
			defaultConfigurationIsVisible = 0;
			defaultConfigurationName = Release;
		};
		4AD14A37184F7AE400DA88A0 /* Build configuration list for PBXNativeTarget "DLPDFRendererTests" */ = {
			isa = XCConfigurationList;
			buildConfigurations = (
				4AD14A38184F7AE400DA88A0 /* Debug */,
				4AD14A39184F7AE400DA88A0 /* Release */,
			);
			defaultConfigurationIsVisible = 0;
			defaultConfigurationName = Release;
		};
/* End XCConfigurationList section */
	};
	rootObject = 4AD149F7184F7AE300DA88A0 /* Project object */;
}
